
Microsoft Visual Studio Solution File, Format Version 12.00
# Visual Studio Version 16
VisualStudioVersion = 16.0.29411.108
MinimumVisualStudioVersion = 10.0.40219.1
Project("{FAE04EC0-301F-11D3-BF4B-00C04F79EFBC}") = "UserMaintenance", "UserMaintenance\UserMaintenance.csproj", "{59AC107D-FC8D-4289-BD31-035C21C32776}"
EndProject
Global
	GlobalSection(SolutionConfigurationPlatforms) = preSolution
		Debug|Any CPU = Debug|Any CPU
		Release|Any CPU = Release|Any CPU
	EndGlobalSection
	GlobalSection(ProjectConfigurationPlatforms) = postSolution
		{59AC107D-FC8D-4289-BD31-035C21C32776}.Debug|Any CPU.ActiveCfg = Debug|Any CPU
		{59AC107D-FC8D-4289-BD31-035C21C32776}.Debug|Any CPU.Build.0 = Debug|Any CPU
		{59AC107D-FC8D-4289-BD31-035C21C32776}.Release|Any CPU.ActiveCfg = Release|Any CPU
		{59AC107D-FC8D-4289-BD31-035C21C32776}.Release|Any CPU.Build.0 = Release|Any CPU
	EndGlobalSection
	GlobalSection(SolutionProperties) = preSolution
		HideSolutionNode = FALSE
	EndGlobalSection
	GlobalSection(ExtensibilityGlobals) = postSolution
		SolutionGuid = {97845DD8-E45B-498F-9B67-391D2D41801C}
	EndGlobalSection
EndGlobal
